
Microsoft Visual Studio Solution File, Format Version 12.00
# Visual Studio Version 17
VisualStudioVersion = 17.8.34316.72
MinimumVisualStudioVersion = 10.0.40219.1
Project("{FAE04EC0-301F-11D3-BF4B-00C04F79EFBC}") = "Project1", "Project1.csproj", "{675133BF-22C2-45D9-B5FD-7468873BF4C4}"
EndProject
Global
	GlobalSection(SolutionConfigurationPlatforms) = preSolution
		Debug|Any CPU = Debug|Any CPU
		Release|Any CPU = Release|Any CPU
	EndGlobalSection
	GlobalSection(ProjectConfigurationPlatforms) = postSolution
		{675133BF-22C2-45D9-B5FD-7468873BF4C4}.Debug|Any CPU.ActiveCfg = Debug|Any CPU
		{675133BF-22C2-45D9-B5FD-7468873BF4C4}.Debug|Any CPU.Build.0 = Debug|Any CPU
		{675133BF-22C2-45D9-B5FD-7468873BF4C4}.Release|Any CPU.ActiveCfg = Release|Any CPU
		{675133BF-22C2-45D9-B5FD-7468873BF4C4}.Release|Any CPU.Build.0 = Release|Any CPU
	EndGlobalSection
	GlobalSection(SolutionProperties) = preSolution
		HideSolutionNode = FALSE
	EndGlobalSection
	GlobalSection(ExtensibilityGlobals) = postSolution
		SolutionGuid = {C3820124-9A82-41DE-9F62-A5FFE6E57480}
	EndGlobalSection
EndGlobal
